// !$*UTF8*$!
{
	archiveVersion = 1;
	classes = {
	};
	objectVersion = 77;
	objects = {

/* Begin PBXBuildFile section */
		37C90F012DFC26F8005A1049 /* Default.xctestplan in Resources */ = {isa = PBXBuildFile; fileRef = 37C90F002DFC26F8005A1049 /* Default.xctestplan */; };
/* End PBXBuildFile section */

/* Begin PBXContainerItemProxy section */
		37C90ED82DFC198B005A1049 /* PBXContainerItemProxy */ = {
			isa = PBXContainerItemProxy;
			containerPortal = 37C90EC22DFC1989005A1049 /* Project object */;
			proxyType = 1;
			remoteGlobalIDString = 37C90EC92DFC1989005A1049;
			remoteInfo = XcodeCloudPoC;
		};
		37C90EE22DFC198B005A1049 /* PBXContainerItemProxy */ = {
			isa = PBXContainerItemProxy;
			containerPortal = 37C90EC22DFC1989005A1049 /* Project object */;
			proxyType = 1;
			remoteGlobalIDString = 37C90EC92DFC1989005A1049;
			remoteInfo = XcodeCloudPoC;
		};
/* End PBXContainerItemProxy section */

/* Begin PBXFileReference section */
		37C90ECA2DFC1989005A1049 /* XcodeCloudPoCOleksa2025.app */ = {isa = PBXFileReference; explicitFileType = wrapper.application; includeInIndex = 0; path = XcodeCloudPoCOleksa2025.app; sourceTree = BUILT_PRODUCTS_DIR; };
		37C90ED72DFC198B005A1049 /* XcodeCloudPoCTests.xctest */ = {isa = PBXFileReference; explicitFileType = wrapper.cfbundle; includeInIndex = 0; path = XcodeCloudPoCTests.xctest; sourceTree = BUILT_PRODUCTS_DIR; };
		37C90EE12DFC198B005A1049 /* XcodeCloudPoCUITests.xctest */ = {isa = PBXFileReference; explicitFileType = wrapper.cfbundle; includeInIndex = 0; path = XcodeCloudPoCUITests.xctest; sourceTree = BUILT_PRODUCTS_DIR; };
		37C90F002DFC26F8005A1049 /* Default.xctestplan */ = {isa = PBXFileReference; lastKnownFileType = text; path = Default.xctestplan; sourceTree = "<group>"; };
		37EE3E4F2E005112004EC5E1 /* ci_post_clone.sh */ = {isa = PBXFileReference; lastKnownFileType = text.script.sh; path = ci_post_clone.sh; sourceTree = "<group>"; };
/* End PBXFileReference section */

/* Begin PBXFileSystemSynchronizedRootGroup section */
		37C90ECC2DFC1989005A1049 /* XcodeCloudPoC */ = {
			isa = PBXFileSystemSynchronizedRootGroup;
			path = XcodeCloudPoC;
			sourceTree = "<group>";
		};
		37C90EDA2DFC198B005A1049 /* XcodeCloudPoCTests */ = {
			isa = PBXFileSystemSynchronizedRootGroup;
			path = XcodeCloudPoCTests;
			sourceTree = "<group>";
		};
		37C90EE42DFC198B005A1049 /* XcodeCloudPoCUITests */ = {
			isa = PBXFileSystemSynchronizedRootGroup;
			path = XcodeCloudPoCUITests;
			sourceTree = "<group>";
		};
/* End PBXFileSystemSynchronizedRootGroup section */

/* Begin PBXFrameworksBuildPhase section */
		37C90EC72DFC1989005A1049 /* Frameworks */ = {
			isa = PBXFrameworksBuildPhase;
			buildActionMask = 2147483647;
			files = (
			);
			runOnlyForDeploymentPostprocessing = 0;
		};
		37C90ED42DFC198B005A1049 /* Frameworks */ = {
			isa = PBXFrameworksBuildPhase;
			buildActionMask = 2147483647;
			files = (
			);
			runOnlyForDeploymentPostprocessing = 0;
		};
		37C90EDE2DFC198B005A1049 /* Frameworks */ = {
			isa = PBXFrameworksBuildPhase;
			buildActionMask = 2147483647;
			files = (
			);
			runOnlyForDeploymentPostprocessing = 0;
		};
/* End PBXFrameworksBuildPhase section */

/* Begin PBXGroup section */
		37C90EC12DFC1989005A1049 = {
			isa = PBXGroup;
			children = (
				37EE3E4E2E0050FE004EC5E1 /* ci_scripts */,
				37C90F002DFC26F8005A1049 /* Default.xctestplan */,
				37C90ECC2DFC1989005A1049 /* XcodeCloudPoC */,
				37C90EDA2DFC198B005A1049 /* XcodeCloudPoCTests */,
				37C90EE42DFC198B005A1049 /* XcodeCloudPoCUITests */,
				37C90ECB2DFC1989005A1049 /* Products */,
			);
			sourceTree = "<group>";
		};
		37C90ECB2DFC1989005A1049 /* Products */ = {
			isa = PBXGroup;
			children = (
				37C90ECA2DFC1989005A1049 /* XcodeCloudPoCOleksa2025.app */,
				37C90ED72DFC198B005A1049 /* XcodeCloudPoCTests.xctest */,
				37C90EE12DFC198B005A1049 /* XcodeCloudPoCUITests.xctest */,
			);
			name = Products;
			sourceTree = "<group>";
		};
		37EE3E4E2E0050FE004EC5E1 /* ci_scripts */ = {
			isa = PBXGroup;
			children = (
				37EE3E4F2E005112004EC5E1 /* ci_post_clone.sh */,
			);
			path = ci_scripts;
			sourceTree = "<group>";
		};
/* End PBXGroup section */

/* Begin PBXNativeTarget section */
		37C90EC92DFC1989005A1049 /* XcodeCloudPoC */ = {
			isa = PBXNativeTarget;
			buildConfigurationList = 37C90EEB2DFC198B005A1049 /* Build configuration list for PBXNativeTarget "XcodeCloudPoC" */;
			buildPhases = (
				37C90EC62DFC1989005A1049 /* Sources */,
				37C90EC72DFC1989005A1049 /* Frameworks */,
				37C90EC82DFC1989005A1049 /* Resources */,
				3797B75A2E00342E004559CD /* SwiftLint */,
				3797B75B2E00343B004559CD /* SwiftFormat */,
			);
			buildRules = (
			);
			dependencies = (
			);
			fileSystemSynchronizedGroups = (
				37C90ECC2DFC1989005A1049 /* XcodeCloudPoC */,
			);
			name = XcodeCloudPoC;
			packageProductDependencies = (
			);
			productName = XcodeCloudPoC;
			productReference = 37C90ECA2DFC1989005A1049 /* XcodeCloudPoCOleksa2025.app */;
			productType = "com.apple.product-type.application";
		};
		37C90ED62DFC198B005A1049 /* XcodeCloudPoCTests */ = {
			isa = PBXNativeTarget;
			buildConfigurationList = 37C90EEE2DFC198B005A1049 /* Build configuration list for PBXNativeTarget "XcodeCloudPoCTests" */;
			buildPhases = (
				37C90ED32DFC198B005A1049 /* Sources */,
				37C90ED42DFC198B005A1049 /* Frameworks */,
				37C90ED52DFC198B005A1049 /* Resources */,
			);
			buildRules = (
			);
			dependencies = (
				37C90ED92DFC198B005A1049 /* PBXTargetDependency */,
			);
			fileSystemSynchronizedGroups = (
				37C90EDA2DFC198B005A1049 /* XcodeCloudPoCTests */,
			);
			name = XcodeCloudPoCTests;
			packageProductDependencies = (
			);
			productName = XcodeCloudPoCTests;
			productReference = 37C90ED72DFC198B005A1049 /* XcodeCloudPoCTests.xctest */;
			productType = "com.apple.product-type.bundle.unit-test";
		};
		37C90EE02DFC198B005A1049 /* XcodeCloudPoCUITests */ = {
			isa = PBXNativeTarget;
			buildConfigurationList = 37C90EF12DFC198B005A1049 /* Build configuration list for PBXNativeTarget "XcodeCloudPoCUITests" */;
			buildPhases = (
				37C90EDD2DFC198B005A1049 /* Sources */,
				37C90EDE2DFC198B005A1049 /* Frameworks */,
				37C90EDF2DFC198B005A1049 /* Resources */,
			);
			buildRules = (
			);
			dependencies = (
				37C90EE32DFC198B005A1049 /* PBXTargetDependency */,
			);
			fileSystemSynchronizedGroups = (
				37C90EE42DFC198B005A1049 /* XcodeCloudPoCUITests */,
			);
			name = XcodeCloudPoCUITests;
			packageProductDependencies = (
			);
			productName = XcodeCloudPoCUITests;
			productReference = 37C90EE12DFC198B005A1049 /* XcodeCloudPoCUITests.xctest */;
			productType = "com.apple.product-type.bundle.ui-testing";
		};
/* End PBXNativeTarget section */

/* Begin PBXProject section */
		37C90EC22DFC1989005A1049 /* Project object */ = {
			isa = PBXProject;
			attributes = {
				BuildIndependentTargetsInParallel = 1;
				LastSwiftUpdateCheck = 1640;
				LastUpgradeCheck = 1640;
				TargetAttributes = {
					37C90EC92DFC1989005A1049 = {
						CreatedOnToolsVersion = 16.4;
					};
					37C90ED62DFC198B005A1049 = {
						CreatedOnToolsVersion = 16.4;
						TestTargetID = 37C90EC92DFC1989005A1049;
					};
					37C90EE02DFC198B005A1049 = {
						CreatedOnToolsVersion = 16.4;
						TestTargetID = 37C90EC92DFC1989005A1049;
					};
				};
			};
			buildConfigurationList = 37C90EC52DFC1989005A1049 /* Build configuration list for PBXProject "XcodeCloudPoC" */;
			developmentRegion = en;
			hasScannedForEncodings = 0;
			knownRegions = (
				en,
				Base,
			);
			mainGroup = 37C90EC12DFC1989005A1049;
			minimizedProjectReferenceProxies = 1;
			preferredProjectObjectVersion = 77;
			productRefGroup = 37C90ECB2DFC1989005A1049 /* Products */;
			projectDirPath = "";
			projectRoot = "";
			targets = (
				37C90EC92DFC1989005A1049 /* XcodeCloudPoC */,
				37C90ED62DFC198B005A1049 /* XcodeCloudPoCTests */,
				37C90EE02DFC198B005A1049 /* XcodeCloudPoCUITests */,
			);
		};
/* End PBXProject section */

/* Begin PBXResourcesBuildPhase section */
		37C90EC82DFC1989005A1049 /* Resources */ = {
			isa = PBXResourcesBuildPhase;
			buildActionMask = 2147483647;
			files = (
				37C90F012DFC26F8005A1049 /* Default.xctestplan in Resources */,
			);
			runOnlyForDeploymentPostprocessing = 0;
		};
		37C90ED52DFC198B005A1049 /* Resources */ = {
			isa = PBXResourcesBuildPhase;
			buildActionMask = 2147483647;
			files = (
			);
			runOnlyForDeploymentPostprocessing = 0;
		};
		37C90EDF2DFC198B005A1049 /* Resources */ = {
			isa = PBXResourcesBuildPhase;
			buildActionMask = 2147483647;
			files = (
			);
			runOnlyForDeploymentPostprocessing = 0;
		};
/* End PBXResourcesBuildPhase section */

/* Begin PBXShellScriptBuildPhase section */
		3797B75A2E00342E004559CD /* SwiftLint */ = {
			isa = PBXShellScriptBuildPhase;
			alwaysOutOfDate = 1;
			buildActionMask = 2147483647;
			files = (
			);
			inputFileListPaths = (
			);
			inputPaths = (
			);
			name = SwiftLint;
			outputFileListPaths = (
			);
			outputPaths = (
			);
			runOnlyForDeploymentPostprocessing = 0;
			shellPath = /bin/sh;
			shellScript = "if [[ \"$(uname -m)\" == arm64 ]]\nthen\n    export PATH=\"/opt/homebrew/bin:$PATH\"\nfi\n    \nif which xcrun >/dev/null; then\n  xcrun --sdk macosx /opt/homebrew/bin/swiftlint --config \"${SRCROOT}/.swiftlint.yml\"\nelse\n  echo \"warning: SwiftLint not installed\"\nfi\n";
		};
		3797B75B2E00343B004559CD /* SwiftFormat */ = {
			isa = PBXShellScriptBuildPhase;
			alwaysOutOfDate = 1;
			buildActionMask = 2147483647;
			files = (
			);
			inputFileListPaths = (
			);
			inputPaths = (
			);
			name = SwiftFormat;
			outputFileListPaths = (
			);
			outputPaths = (
			);
			runOnlyForDeploymentPostprocessing = 0;
			shellPath = /bin/sh;
			shellScript = "if [ -x /opt/homebrew/bin/swiftformat ]; then\n  echo \"Running SwiftFormat...\"\n  echo \"/opt/homebrew/bin/swiftformat ${SRCROOT} --config ${SRCROOT}/.swiftformat\"\n  /opt/homebrew/bin/swiftformat \"${SRCROOT}\" --config \"${SRCROOT}/.swiftformat\"\nelse\n  echo \"warning: SwiftFormat not installed\"\nfi\n";
		};
/* End PBXShellScriptBuildPhase section */

/* Begin PBXSourcesBuildPhase section */
		37C90EC62DFC1989005A1049 /* Sources */ = {
			isa = PBXSourcesBuildPhase;
			buildActionMask = 2147483647;
			files = (
			);
			runOnlyForDeploymentPostprocessing = 0;
		};
		37C90ED32DFC198B005A1049 /* Sources */ = {
			isa = PBXSourcesBuildPhase;
			buildActionMask = 2147483647;
			files = (
			);
			runOnlyForDeploymentPostprocessing = 0;
		};
		37C90EDD2DFC198B005A1049 /* Sources */ = {
			isa = PBXSourcesBuildPhase;
			buildActionMask = 2147483647;
			files = (
			);
			runOnlyForDeploymentPostprocessing = 0;
		};
/* End PBXSourcesBuildPhase section */

/* Begin PBXTargetDependency section */
		37C90ED92DFC198B005A1049 /* PBXTargetDependency */ = {
			isa = PBXTargetDependency;
			target = 37C90EC92DFC1989005A1049 /* XcodeCloudPoC */;
			targetProxy = 37C90ED82DFC198B005A1049 /* PBXContainerItemProxy */;
		};
		37C90EE32DFC198B005A1049 /* PBXTargetDependency */ = {
			isa = PBXTargetDependency;
			target = 37C90EC92DFC1989005A1049 /* XcodeCloudPoC */;
			targetProxy = 37C90EE22DFC198B005A1049 /* PBXContainerItemProxy */;
		};
/* End PBXTargetDependency section */

/* Begin XCBuildConfiguration section */
		37C90EE92DFC198B005A1049 /* Debug */ = {
			isa = XCBuildConfiguration;
			buildSettings = {
				ALWAYS_SEARCH_USER_PATHS = NO;
				ASSETCATALOG_COMPILER_GENERATE_SWIFT_ASSET_SYMBOL_EXTENSIONS = YES;
				CLANG_ANALYZER_NONNULL = YES;
				CLANG_ANALYZER_NUMBER_OBJECT_CONVERSION = YES_AGGRESSIVE;
				CLANG_CXX_LANGUAGE_STANDARD = "gnu++20";
				CLANG_ENABLE_MODULES = YES;
				CLANG_ENABLE_OBJC_ARC = YES;
				CLANG_ENABLE_OBJC_WEAK = YES;
				CLANG_WARN_BLOCK_CAPTURE_AUTORELEASING = YES;
				CLANG_WARN_BOOL_CONVERSION = YES;
				CLANG_WARN_COMMA = YES;
				CLANG_WARN_CONSTANT_CONVERSION = YES;
				CLANG_WARN_DEPRECATED_OBJC_IMPLEMENTATIONS = YES;
				CLANG_WARN_DIRECT_OBJC_ISA_USAGE = YES_ERROR;
				CLANG_WARN_DOCUMENTATION_COMMENTS = YES;
				CLANG_WARN_EMPTY_BODY = YES;
				CLANG_WARN_ENUM_CONVERSION = YES;
				CLANG_WARN_INFINITE_RECURSION = YES;
				CLANG_WARN_INT_CONVERSION = YES;
				CLANG_WARN_NON_LITERAL_NULL_CONVERSION = YES;
				CLANG_WARN_OBJC_IMPLICIT_RETAIN_SELF = YES;
				CLANG_WARN_OBJC_LITERAL_CONVERSION = YES;
				CLANG_WARN_OBJC_ROOT_CLASS = YES_ERROR;
				CLANG_WARN_QUOTED_INCLUDE_IN_FRAMEWORK_HEADER = YES;
				CLANG_WARN_RANGE_LOOP_ANALYSIS = YES;
				CLANG_WARN_STRICT_PROTOTYPES = YES;
				CLANG_WARN_SUSPICIOUS_MOVE = YES;
				CLANG_WARN_UNGUARDED_AVAILABILITY = YES_AGGRESSIVE;
				CLANG_WARN_UNREACHABLE_CODE = YES;
				CLANG_WARN__DUPLICATE_METHOD_MATCH = YES;
				COPY_PHASE_STRIP = NO;
				DEBUG_INFORMATION_FORMAT = dwarf;
				DEVELOPMENT_TEAM = 6FJ8MX2K25;
				ENABLE_STRICT_OBJC_MSGSEND = YES;
				ENABLE_TESTABILITY = YES;
				ENABLE_USER_SCRIPT_SANDBOXING = YES;
				GCC_C_LANGUAGE_STANDARD = gnu17;
				GCC_DYNAMIC_NO_PIC = NO;
				GCC_NO_COMMON_BLOCKS = YES;
				GCC_OPTIMIZATION_LEVEL = 0;
				GCC_PREPROCESSOR_DEFINITIONS = (
					"DEBUG=1",
					"$(inherited)",
				);
				GCC_WARN_64_TO_32_BIT_CONVERSION = YES;
				GCC_WARN_ABOUT_RETURN_TYPE = YES_ERROR;
				GCC_WARN_UNDECLARED_SELECTOR = YES;
				GCC_WARN_UNINITIALIZED_AUTOS = YES_AGGRESSIVE;
				GCC_WARN_UNUSED_FUNCTION = YES;
				GCC_WARN_UNUSED_VARIABLE = YES;
				IPHONEOS_DEPLOYMENT_TARGET = 18.5;
				LOCALIZATION_PREFERS_STRING_CATALOGS = YES;
				MTL_ENABLE_DEBUG_INFO = INCLUDE_SOURCE;
				MTL_FAST_MATH = YES;
				ONLY_ACTIVE_ARCH = YES;
				PRODUCT_NAME = XcodeCloudPoCOleksa2025;
				SDKROOT = iphoneos;
				SWIFT_ACTIVE_COMPILATION_CONDITIONS = "DEBUG $(inherited)";
				SWIFT_OPTIMIZATION_LEVEL = "-Onone";
			};
			name = Debug;
		};
		37C90EEA2DFC198B005A1049 /* Release */ = {
			isa = XCBuildConfiguration;
			buildSettings = {
				ALWAYS_SEARCH_USER_PATHS = NO;
				ASSETCATALOG_COMPILER_GENERATE_SWIFT_ASSET_SYMBOL_EXTENSIONS = YES;
				CLANG_ANALYZER_NONNULL = YES;
				CLANG_ANALYZER_NUMBER_OBJECT_CONVERSION = YES_AGGRESSIVE;
				CLANG_CXX_LANGUAGE_STANDARD = "gnu++20";
				CLANG_ENABLE_MODULES = YES;
				CLANG_ENABLE_OBJC_ARC = YES;
				CLANG_ENABLE_OBJC_WEAK = YES;
				CLANG_WARN_BLOCK_CAPTURE_AUTORELEASING = YES;
				CLANG_WARN_BOOL_CONVERSION = YES;
				CLANG_WARN_COMMA = YES;
				CLANG_WARN_CONSTANT_CONVERSION = YES;
				CLANG_WARN_DEPRECATED_OBJC_IMPLEMENTATIONS = YES;
				CLANG_WARN_DIRECT_OBJC_ISA_USAGE = YES_ERROR;
				CLANG_WARN_DOCUMENTATION_COMMENTS = YES;
				CLANG_WARN_EMPTY_BODY = YES;
				CLANG_WARN_ENUM_CONVERSION = YES;
				CLANG_WARN_INFINITE_RECURSION = YES;
				CLANG_WARN_INT_CONVERSION = YES;
				CLANG_WARN_NON_LITERAL_NULL_CONVERSION = YES;
				CLANG_WARN_OBJC_IMPLICIT_RETAIN_SELF = YES;
				CLANG_WARN_OBJC_LITERAL_CONVERSION = YES;
				CLANG_WARN_OBJC_ROOT_CLASS = YES_ERROR;
				CLANG_WARN_QUOTED_INCLUDE_IN_FRAMEWORK_HEADER = YES;
				CLANG_WARN_RANGE_LOOP_ANALYSIS = YES;
				CLANG_WARN_STRICT_PROTOTYPES = YES;
				CLANG_WARN_SUSPICIOUS_MOVE = YES;
				CLANG_WARN_UNGUARDED_AVAILABILITY = YES_AGGRESSIVE;
				CLANG_WARN_UNREACHABLE_CODE = YES;
				CLANG_WARN__DUPLICATE_METHOD_MATCH = YES;
				COPY_PHASE_STRIP = NO;
				DEBUG_INFORMATION_FORMAT = "dwarf-with-dsym";
				DEVELOPMENT_TEAM = 6FJ8MX2K25;
				ENABLE_NS_ASSERTIONS = NO;
				ENABLE_STRICT_OBJC_MSGSEND = YES;
				ENABLE_USER_SCRIPT_SANDBOXING = YES;
				GCC_C_LANGUAGE_STANDARD = gnu17;
				GCC_NO_COMMON_BLOCKS = YES;
				GCC_WARN_64_TO_32_BIT_CONVERSION = YES;
				GCC_WARN_ABOUT_RETURN_TYPE = YES_ERROR;
				GCC_WARN_UNDECLARED_SELECTOR = YES;
				GCC_WARN_UNINITIALIZED_AUTOS = YES_AGGRESSIVE;
				GCC_WARN_UNUSED_FUNCTION = YES;
				GCC_WARN_UNUSED_VARIABLE = YES;
				IPHONEOS_DEPLOYMENT_TARGET = 18.5;
				LOCALIZATION_PREFERS_STRING_CATALOGS = YES;
				MTL_ENABLE_DEBUG_INFO = NO;
				MTL_FAST_MATH = YES;
				PRODUCT_NAME = XcodeCloudPoCOleksa2025;
				SDKROOT = iphoneos;
				SWIFT_COMPILATION_MODE = wholemodule;
				VALIDATE_PRODUCT = YES;
			};
			name = Release;
		};
		37C90EEC2DFC198B005A1049 /* Debug */ = {
			isa = XCBuildConfiguration;
			buildSettings = {
				ASSETCATALOG_COMPILER_APPICON_NAME = AppIcon;
				ASSETCATALOG_COMPILER_GLOBAL_ACCENT_COLOR_NAME = AccentColor;
				CODE_SIGN_STYLE = Automatic;
				CURRENT_PROJECT_VERSION = 1;
				DEVELOPMENT_TEAM = 6FJ8MX2K25;
				ENABLE_PREVIEWS = YES;
				ENABLE_USER_SCRIPT_SANDBOXING = NO;
				GENERATE_INFOPLIST_FILE = YES;
				INFOPLIST_KEY_UIApplicationSceneManifest_Generation = YES;
				INFOPLIST_KEY_UIApplicationSupportsIndirectInputEvents = YES;
				INFOPLIST_KEY_UILaunchScreen_Generation = YES;
				INFOPLIST_KEY_UISupportedInterfaceOrientations_iPad = "UIInterfaceOrientationPortrait UIInterfaceOrientationPortraitUpsideDown UIInterfaceOrientationLandscapeLeft UIInterfaceOrientationLandscapeRight";
				INFOPLIST_KEY_UISupportedInterfaceOrientations_iPhone = "UIInterfaceOrientationPortrait UIInterfaceOrientationLandscapeLeft UIInterfaceOrientationLandscapeRight";
				LD_RUNPATH_SEARCH_PATHS = (
					"$(inherited)",
					"@executable_path/Frameworks",
				);
				MARKETING_VERSION = 1.0;
				PRODUCT_BUNDLE_IDENTIFIER = com.oleksa.XcodeCloudPoC;
				SWIFT_EMIT_LOC_STRINGS = YES;
				SWIFT_VERSION = 5.0;
				TARGETED_DEVICE_FAMILY = "1,2";
			};
			name = Debug;
		};
		37C90EED2DFC198B005A1049 /* Release */ = {
			isa = XCBuildConfiguration;
			buildSettings = {
				ASSETCATALOG_COMPILER_APPICON_NAME = AppIcon;
				ASSETCATALOG_COMPILER_GLOBAL_ACCENT_COLOR_NAME = AccentColor;
				CODE_SIGN_STYLE = Automatic;
				CURRENT_PROJECT_VERSION = 1;
				DEVELOPMENT_TEAM = 6FJ8MX2K25;
				ENABLE_PREVIEWS = YES;
				ENABLE_USER_SCRIPT_SANDBOXING = NO;
				GENERATE_INFOPLIST_FILE = YES;
				INFOPLIST_KEY_UIApplicationSceneManifest_Generation = YES;
				INFOPLIST_KEY_UIApplicationSupportsIndirectInputEvents = YES;
				INFOPLIST_KEY_UILaunchScreen_Generation = YES;
				INFOPLIST_KEY_UISupportedInterfaceOrientations_iPad = "UIInterfaceOrientationPortrait UIInterfaceOrientationPortraitUpsideDown UIInterfaceOrientationLandscapeLeft UIInterfaceOrientationLandscapeRight";
				INFOPLIST_KEY_UISupportedInterfaceOrientations_iPhone = "UIInterfaceOrientationPortrait UIInterfaceOrientationLandscapeLeft UIInterfaceOrientationLandscapeRight";
				LD_RUNPATH_SEARCH_PATHS = (
					"$(inherited)",
					"@executable_path/Frameworks",
				);
				MARKETING_VERSION = 1.0;
				PRODUCT_BUNDLE_IDENTIFIER = com.oleksa.XcodeCloudPoC;
				SWIFT_EMIT_LOC_STRINGS = YES;
				SWIFT_VERSION = 5.0;
				TARGETED_DEVICE_FAMILY = "1,2";
			};
			name = Release;
		};
		37C90EEF2DFC198B005A1049 /* Debug */ = {
			isa = XCBuildConfiguration;
			buildSettings = {
				BUNDLE_LOADER = "$(TEST_HOST)";
				CODE_SIGN_STYLE = Automatic;
				CURRENT_PROJECT_VERSION = 1;
				DEVELOPMENT_TEAM = 6FJ8MX2K25;
				GENERATE_INFOPLIST_FILE = YES;
				IPHONEOS_DEPLOYMENT_TARGET = 18.5;
				MARKETING_VERSION = 1.0;
				PRODUCT_BUNDLE_IDENTIFIER = com.oleksa.XcodeCloudPoCTests;
				PRODUCT_NAME = "$(TARGET_NAME)";
				SWIFT_EMIT_LOC_STRINGS = NO;
				SWIFT_VERSION = 5.0;
				TARGETED_DEVICE_FAMILY = "1,2";
				TEST_HOST = "$(BUILT_PRODUCTS_DIR)/XcodeCloudPoCOleksa2025.app/$(BUNDLE_EXECUTABLE_FOLDER_PATH)/XcodeCloudPoCOleksa2025";
			};
			name = Debug;
		};
		37C90EF02DFC198B005A1049 /* Release */ = {
			isa = XCBuildConfiguration;
			buildSettings = {
				BUNDLE_LOADER = "$(TEST_HOST)";
				CODE_SIGN_STYLE = Automatic;
				CURRENT_PROJECT_VERSION = 1;
				DEVELOPMENT_TEAM = 6FJ8MX2K25;
				GENERATE_INFOPLIST_FILE = YES;
				IPHONEOS_DEPLOYMENT_TARGET = 18.5;
				MARKETING_VERSION = 1.0;
				PRODUCT_BUNDLE_IDENTIFIER = com.oleksa.XcodeCloudPoCTests;
				PRODUCT_NAME = "$(TARGET_NAME)";
				SWIFT_EMIT_LOC_STRINGS = NO;
				SWIFT_VERSION = 5.0;
				TARGETED_DEVICE_FAMILY = "1,2";
				TEST_HOST = "$(BUILT_PRODUCTS_DIR)/XcodeCloudPoCOleksa2025.app/$(BUNDLE_EXECUTABLE_FOLDER_PATH)/XcodeCloudPoCOleksa2025";
			};
			name = Release;
		};
		37C90EF22DFC198B005A1049 /* Debug */ = {
			isa = XCBuildConfiguration;
			buildSettings = {
				CODE_SIGN_STYLE = Automatic;
				CURRENT_PROJECT_VERSION = 1;
				DEVELOPMENT_TEAM = 6FJ8MX2K25;
				GENERATE_INFOPLIST_FILE = YES;
				MARKETING_VERSION = 1.0;
				PRODUCT_BUNDLE_IDENTIFIER = com.oleksa.XcodeCloudPoCUITests;
				PRODUCT_NAME = "$(TARGET_NAME)";
				SWIFT_EMIT_LOC_STRINGS = NO;
				SWIFT_VERSION = 5.0;
				TARGETED_DEVICE_FAMILY = "1,2";
				TEST_TARGET_NAME = XcodeCloudPoC;
			};
			name = Debug;
		};
		37C90EF32DFC198B005A1049 /* Release */ = {
			isa = XCBuildConfiguration;
			buildSettings = {
				CODE_SIGN_STYLE = Automatic;
				CURRENT_PROJECT_VERSION = 1;
				DEVELOPMENT_TEAM = 6FJ8MX2K25;
				GENERATE_INFOPLIST_FILE = YES;
				MARKETING_VERSION = 1.0;
				PRODUCT_BUNDLE_IDENTIFIER = com.oleksa.XcodeCloudPoCUITests;
				PRODUCT_NAME = "$(TARGET_NAME)";
				SWIFT_EMIT_LOC_STRINGS = NO;
				SWIFT_VERSION = 5.0;
				TARGETED_DEVICE_FAMILY = "1,2";
				TEST_TARGET_NAME = XcodeCloudPoC;
			};
			name = Release;
		};
/* End XCBuildConfiguration section */

/* Begin XCConfigurationList section */
		37C90EC52DFC1989005A1049 /* Build configuration list for PBXProject "XcodeCloudPoC" */ = {
			isa = XCConfigurationList;
			buildConfigurations = (
				37C90EE92DFC198B005A1049 /* Debug */,
				37C90EEA2DFC198B005A1049 /* Release */,
			);
			defaultConfigurationIsVisible = 0;
			defaultConfigurationName = Release;
		};
		37C90EEB2DFC198B005A1049 /* Build configuration list for PBXNativeTarget "XcodeCloudPoC" */ = {
			isa = XCConfigurationList;
			buildConfigurations = (
				37C90EEC2DFC198B005A1049 /* Debug */,
				37C90EED2DFC198B005A1049 /* Release */,
			);
			defaultConfigurationIsVisible = 0;
			defaultConfigurationName = Release;
		};
		37C90EEE2DFC198B005A1049 /* Build configuration list for PBXNativeTarget "XcodeCloudPoCTests" */ = {
			isa = XCConfigurationList;
			buildConfigurations = (
				37C90EEF2DFC198B005A1049 /* Debug */,
				37C90EF02DFC198B005A1049 /* Release */,
			);
			defaultConfigurationIsVisible = 0;
			defaultConfigurationName = Release;
		};
		37C90EF12DFC198B005A1049 /* Build configuration list for PBXNativeTarget "XcodeCloudPoCUITests" */ = {
			isa = XCConfigurationList;
			buildConfigurations = (
				37C90EF22DFC198B005A1049 /* Debug */,
				37C90EF32DFC198B005A1049 /* Release */,
			);
			defaultConfigurationIsVisible = 0;
			defaultConfigurationName = Release;
		};
/* End XCConfigurationList section */
	};
	rootObject = 37C90EC22DFC1989005A1049 /* Project object */;
}
